// !$*UTF8*$!
{
	archiveVersion = 1;
	classes = {
	};
	objectVersion = 50;
	objects = {

/* Begin PBXBuildFile section */
		D41C20A821DFC984006BF321 /* AppDelegate.swift in Sources */ = {isa = PBXBuildFile; fileRef = D41C20A721DFC984006BF321 /* AppDelegate.swift */; };
		D41C20AA21DFC984006BF321 /* SocialViewController.swift in Sources */ = {isa = PBXBuildFile; fileRef = D41C20A921DFC984006BF321 /* SocialViewController.swift */; };
		D41C20AD21DFC984006BF321 /* Main.storyboard in Resources */ = {isa = PBXBuildFile; fileRef = D41C20AB21DFC984006BF321 /* Main.storyboard */; };
		D41C20AF21DFC987006BF321 /* Assets.xcassets in Resources */ = {isa = PBXBuildFile; fileRef = D41C20AE21DFC987006BF321 /* Assets.xcassets */; };
		D41C20B221DFC987006BF321 /* LaunchScreen.storyboard in Resources */ = {isa = PBXBuildFile; fileRef = D41C20B021DFC987006BF321 /* LaunchScreen.storyboard */; };
		D41C20BA21DFCAFB006BF321 /* BoxView.swift in Sources */ = {isa = PBXBuildFile; fileRef = D41C20B921DFCAFB006BF321 /* BoxView.swift */; };
		D41C20BC21DFCEF0006BF321 /* PlaceholderCell.swift in Sources */ = {isa = PBXBuildFile; fileRef = D41C20BB21DFCEF0006BF321 /* PlaceholderCell.swift */; };
		D41C20BE21DFDD45006BF321 /* LoginViewController.swift in Sources */ = {isa = PBXBuildFile; fileRef = D41C20BD21DFDD45006BF321 /* LoginViewController.swift */; };
		D451971621F9085D00318655 /* GoogleAPI.swift in Sources */ = {isa = PBXBuildFile; fileRef = D451971521F9085D00318655 /* GoogleAPI.swift */; };
		D451971821F9087E00318655 /* Secret.swift in Sources */ = {isa = PBXBuildFile; fileRef = D451971721F9087E00318655 /* Secret.swift */; };
		D451971A21F908E100318655 /* NetworkService.swift in Sources */ = {isa = PBXBuildFile; fileRef = D451971921F908E100318655 /* NetworkService.swift */; };
		D451971D21F9090C00318655 /* Place.swift in Sources */ = {isa = PBXBuildFile; fileRef = D451971C21F9090C00318655 /* Place.swift */; };
		D451972021F911C300318655 /* UserActivityTimeout.swift in Sources */ = {isa = PBXBuildFile; fileRef = D451971F21F911C300318655 /* UserActivityTimeout.swift */; };
		D451972221F913FE00318655 /* Notification+.swift in Sources */ = {isa = PBXBuildFile; fileRef = D451972121F913FE00318655 /* Notification+.swift */; };
		D451972421F9149600318655 /* RootNavigationController.swift in Sources */ = {isa = PBXBuildFile; fileRef = D451972321F9149600318655 /* RootNavigationController.swift */; };
		D451972621F9228200318655 /* ResultCell.swift in Sources */ = {isa = PBXBuildFile; fileRef = D451972521F9228200318655 /* ResultCell.swift */; };
		D4AFDC4421F6906000CE4A96 /* UIColor+.swift in Sources */ = {isa = PBXBuildFile; fileRef = D4AFDC4321F6906000CE4A96 /* UIColor+.swift */; };
		D4AFDC4D21F904B200CE4A96 /* SearchViewController.swift in Sources */ = {isa = PBXBuildFile; fileRef = D4AFDC4C21F904B200CE4A96 /* SearchViewController.swift */; };
		D4C0F26921E0269B000E1CF4 /* MenuViewController.swift in Sources */ = {isa = PBXBuildFile; fileRef = D4C0F26821E0269B000E1CF4 /* MenuViewController.swift */; };
		D4C0F26C21E0285D000E1CF4 /* SlideOverAnimator.swift in Sources */ = {isa = PBXBuildFile; fileRef = D4C0F26B21E0285D000E1CF4 /* SlideOverAnimator.swift */; };
/* End PBXBuildFile section */

/* Begin PBXFileReference section */
		D41C20A421DFC984006BF321 /* Wireframe.app */ = {isa = PBXFileReference; explicitFileType = wrapper.application; includeInIndex = 0; path = Wireframe.app; sourceTree = BUILT_PRODUCTS_DIR; };
		D41C20A721DFC984006BF321 /* AppDelegate.swift */ = {isa = PBXFileReference; lastKnownFileType = sourcecode.swift; path = AppDelegate.swift; sourceTree = "<group>"; };
		D41C20A921DFC984006BF321 /* SocialViewController.swift */ = {isa = PBXFileReference; lastKnownFileType = sourcecode.swift; path = SocialViewController.swift; sourceTree = "<group>"; };
		D41C20AC21DFC984006BF321 /* Base */ = {isa = PBXFileReference; lastKnownFileType = file.storyboard; name = Base; path = Base.lproj/Main.storyboard; sourceTree = "<group>"; };
		D41C20AE21DFC987006BF321 /* Assets.xcassets */ = {isa = PBXFileReference; lastKnownFileType = folder.assetcatalog; path = Assets.xcassets; sourceTree = "<group>"; };
		D41C20B121DFC987006BF321 /* Base */ = {isa = PBXFileReference; lastKnownFileType = file.storyboard; name = Base; path = Base.lproj/LaunchScreen.storyboard; sourceTree = "<group>"; };
		D41C20B321DFC987006BF321 /* Info.plist */ = {isa = PBXFileReference; lastKnownFileType = text.plist.xml; path = Info.plist; sourceTree = "<group>"; };
		D41C20B921DFCAFB006BF321 /* BoxView.swift */ = {isa = PBXFileReference; lastKnownFileType = sourcecode.swift; path = BoxView.swift; sourceTree = "<group>"; };
		D41C20BB21DFCEF0006BF321 /* PlaceholderCell.swift */ = {isa = PBXFileReference; lastKnownFileType = sourcecode.swift; path = PlaceholderCell.swift; sourceTree = "<group>"; };
		D41C20BD21DFDD45006BF321 /* LoginViewController.swift */ = {isa = PBXFileReference; lastKnownFileType = sourcecode.swift; path = LoginViewController.swift; sourceTree = "<group>"; };
		D451971521F9085D00318655 /* GoogleAPI.swift */ = {isa = PBXFileReference; lastKnownFileType = sourcecode.swift; path = GoogleAPI.swift; sourceTree = "<group>"; };
		D451971721F9087E00318655 /* Secret.swift */ = {isa = PBXFileReference; lastKnownFileType = sourcecode.swift; path = Secret.swift; sourceTree = "<group>"; };
		D451971921F908E100318655 /* NetworkService.swift */ = {isa = PBXFileReference; lastKnownFileType = sourcecode.swift; path = NetworkService.swift; sourceTree = "<group>"; };
		D451971C21F9090C00318655 /* Place.swift */ = {isa = PBXFileReference; lastKnownFileType = sourcecode.swift; path = Place.swift; sourceTree = "<group>"; };
		D451971F21F911C300318655 /* UserActivityTimeout.swift */ = {isa = PBXFileReference; lastKnownFileType = sourcecode.swift; path = UserActivityTimeout.swift; sourceTree = "<group>"; };
		D451972121F913FE00318655 /* Notification+.swift */ = {isa = PBXFileReference; lastKnownFileType = sourcecode.swift; path = "Notification+.swift"; sourceTree = "<group>"; };
		D451972321F9149600318655 /* RootNavigationController.swift */ = {isa = PBXFileReference; lastKnownFileType = sourcecode.swift; path = RootNavigationController.swift; sourceTree = "<group>"; };
		D451972521F9228200318655 /* ResultCell.swift */ = {isa = PBXFileReference; lastKnownFileType = sourcecode.swift; path = ResultCell.swift; sourceTree = "<group>"; };
		D4AFDC4321F6906000CE4A96 /* UIColor+.swift */ = {isa = PBXFileReference; lastKnownFileType = sourcecode.swift; path = "UIColor+.swift"; sourceTree = "<group>"; };
		D4AFDC4C21F904B200CE4A96 /* SearchViewController.swift */ = {isa = PBXFileReference; lastKnownFileType = sourcecode.swift; path = SearchViewController.swift; sourceTree = "<group>"; };
		D4C0F26821E0269B000E1CF4 /* MenuViewController.swift */ = {isa = PBXFileReference; lastKnownFileType = sourcecode.swift; path = MenuViewController.swift; sourceTree = "<group>"; };
		D4C0F26B21E0285D000E1CF4 /* SlideOverAnimator.swift */ = {isa = PBXFileReference; lastKnownFileType = sourcecode.swift; path = SlideOverAnimator.swift; sourceTree = "<group>"; };
/* End PBXFileReference section */

/* Begin PBXFrameworksBuildPhase section */
		D41C20A121DFC984006BF321 /* Frameworks */ = {
			isa = PBXFrameworksBuildPhase;
			buildActionMask = 2147483647;
			files = (
			);
			runOnlyForDeploymentPostprocessing = 0;
		};
/* End PBXFrameworksBuildPhase section */

/* Begin PBXGroup section */
		D41C209B21DFC984006BF321 = {
			isa = PBXGroup;
			children = (
				D41C20A621DFC984006BF321 /* Wireframe */,
				D41C20A521DFC984006BF321 /* Products */,
			);
			sourceTree = "<group>";
		};
		D41C20A521DFC984006BF321 /* Products */ = {
			isa = PBXGroup;
			children = (
				D41C20A421DFC984006BF321 /* Wireframe.app */,
			);
			name = Products;
			sourceTree = "<group>";
		};
		D41C20A621DFC984006BF321 /* Wireframe */ = {
			isa = PBXGroup;
			children = (
				D41C20A721DFC984006BF321 /* AppDelegate.swift */,
				D41C20B321DFC987006BF321 /* Info.plist */,
				D4AFDC4521F6920F00CE4A96 /* Interface */,
				D451971B21F9090100318655 /* Model */,
				D451971421F9085300318655 /* API */,
				D451971E21F911AC00318655 /* Utility */,
				D4AFDC4621F6921F00CE4A96 /* Extensions */,
			);
			path = Wireframe;
			sourceTree = "<group>";
		};
		D451971421F9085300318655 /* API */ = {
			isa = PBXGroup;
			children = (
				D451971521F9085D00318655 /* GoogleAPI.swift */,
				D451971921F908E100318655 /* NetworkService.swift */,
				D451971721F9087E00318655 /* Secret.swift */,
			);
			path = API;
			sourceTree = "<group>";
		};
		D451971B21F9090100318655 /* Model */ = {
			isa = PBXGroup;
			children = (
				D451971C21F9090C00318655 /* Place.swift */,
			);
			path = Model;
			sourceTree = "<group>";
		};
		D451971E21F911AC00318655 /* Utility */ = {
			isa = PBXGroup;
			children = (
				D451971F21F911C300318655 /* UserActivityTimeout.swift */,
			);
			path = Utility;
			sourceTree = "<group>";
		};
		D4AFDC4521F6920F00CE4A96 /* Interface */ = {
			isa = PBXGroup;
			children = (
				D4AFDC4A21F692B700CE4A96 /* Components */,
				D4AFDC4921F692AC00CE4A96 /* Controllers */,
				D4AFDC4821F6929C00CE4A96 /* Storyboards */,
				D4AFDC4721F6929400CE4A96 /* Transitions */,
				D41C20AE21DFC987006BF321 /* Assets.xcassets */,
			);
			path = Interface;
			sourceTree = "<group>";
		};
		D4AFDC4621F6921F00CE4A96 /* Extensions */ = {
			isa = PBXGroup;
			children = (
				D4AFDC4321F6906000CE4A96 /* UIColor+.swift */,
				D451972121F913FE00318655 /* Notification+.swift */,
			);
			path = Extensions;
			sourceTree = "<group>";
		};
		D4AFDC4721F6929400CE4A96 /* Transitions */ = {
			isa = PBXGroup;
			children = (
				D4C0F26B21E0285D000E1CF4 /* SlideOverAnimator.swift */,
			);
			path = Transitions;
			sourceTree = "<group>";
		};
		D4AFDC4821F6929C00CE4A96 /* Storyboards */ = {
			isa = PBXGroup;
			children = (
				D41C20AB21DFC984006BF321 /* Main.storyboard */,
				D41C20B021DFC987006BF321 /* LaunchScreen.storyboard */,
			);
			path = Storyboards;
			sourceTree = "<group>";
		};
		D4AFDC4921F692AC00CE4A96 /* Controllers */ = {
			isa = PBXGroup;
			children = (
				D41C20BD21DFDD45006BF321 /* LoginViewController.swift */,
				D41C20A921DFC984006BF321 /* SocialViewController.swift */,
				D4C0F26821E0269B000E1CF4 /* MenuViewController.swift */,
				D4AFDC4C21F904B200CE4A96 /* SearchViewController.swift */,
				D451972321F9149600318655 /* RootNavigationController.swift */,
			);
			path = Controllers;
			sourceTree = "<group>";
		};
		D4AFDC4A21F692B700CE4A96 /* Components */ = {
			isa = PBXGroup;
			children = (
				D41C20BB21DFCEF0006BF321 /* PlaceholderCell.swift */,
				D41C20B921DFCAFB006BF321 /* BoxView.swift */,
				D451972521F9228200318655 /* ResultCell.swift */,
			);
			path = Components;
			sourceTree = "<group>";
		};
/* End PBXGroup section */

/* Begin PBXNativeTarget section */
		D41C20A321DFC984006BF321 /* Wireframe */ = {
			isa = PBXNativeTarget;
			buildConfigurationList = D41C20B621DFC987006BF321 /* Build configuration list for PBXNativeTarget "Wireframe" */;
			buildPhases = (
				D41C20A021DFC984006BF321 /* Sources */,
				D41C20A121DFC984006BF321 /* Frameworks */,
				D41C20A221DFC984006BF321 /* Resources */,
			);
			buildRules = (
			);
			dependencies = (
			);
			name = Wireframe;
			productName = Wireframe;
			productReference = D41C20A421DFC984006BF321 /* Wireframe.app */;
			productType = "com.apple.product-type.application";
		};
/* End PBXNativeTarget section */

/* Begin PBXProject section */
		D41C209C21DFC984006BF321 /* Project object */ = {
			isa = PBXProject;
			attributes = {
				LastSwiftUpdateCheck = 1000;
				LastUpgradeCheck = 1000;
				ORGANIZATIONNAME = "Rob Broadwell";
				TargetAttributes = {
					D41C20A321DFC984006BF321 = {
						CreatedOnToolsVersion = 10.0;
					};
				};
			};
			buildConfigurationList = D41C209F21DFC984006BF321 /* Build configuration list for PBXProject "Wireframe" */;
			compatibilityVersion = "Xcode 9.3";
			developmentRegion = en;
			hasScannedForEncodings = 0;
			knownRegions = (
				en,
				Base,
			);
			mainGroup = D41C209B21DFC984006BF321;
			productRefGroup = D41C20A521DFC984006BF321 /* Products */;
			projectDirPath = "";
			projectRoot = "";
			targets = (
				D41C20A321DFC984006BF321 /* Wireframe */,
			);
		};
/* End PBXProject section */

/* Begin PBXResourcesBuildPhase section */
		D41C20A221DFC984006BF321 /* Resources */ = {
			isa = PBXResourcesBuildPhase;
			buildActionMask = 2147483647;
			files = (
				D41C20B221DFC987006BF321 /* LaunchScreen.storyboard in Resources */,
				D41C20AF21DFC987006BF321 /* Assets.xcassets in Resources */,
				D41C20AD21DFC984006BF321 /* Main.storyboard in Resources */,
			);
			runOnlyForDeploymentPostprocessing = 0;
		};
/* End PBXResourcesBuildPhase section */

/* Begin PBXSourcesBuildPhase section */
		D41C20A021DFC984006BF321 /* Sources */ = {
			isa = PBXSourcesBuildPhase;
			buildActionMask = 2147483647;
			files = (
				D451971A21F908E100318655 /* NetworkService.swift in Sources */,
				D451972421F9149600318655 /* RootNavigationController.swift in Sources */,
				D41C20AA21DFC984006BF321 /* SocialViewController.swift in Sources */,
				D451971D21F9090C00318655 /* Place.swift in Sources */,
				D4AFDC4421F6906000CE4A96 /* UIColor+.swift in Sources */,
				D451972621F9228200318655 /* ResultCell.swift in Sources */,
				D4C0F26921E0269B000E1CF4 /* MenuViewController.swift in Sources */,
				D4AFDC4D21F904B200CE4A96 /* SearchViewController.swift in Sources */,
				D451971821F9087E00318655 /* Secret.swift in Sources */,
				D4C0F26C21E0285D000E1CF4 /* SlideOverAnimator.swift in Sources */,
				D451972221F913FE00318655 /* Notification+.swift in Sources */,
				D41C20A821DFC984006BF321 /* AppDelegate.swift in Sources */,
				D41C20BA21DFCAFB006BF321 /* BoxView.swift in Sources */,
				D41C20BE21DFDD45006BF321 /* LoginViewController.swift in Sources */,
				D451972021F911C300318655 /* UserActivityTimeout.swift in Sources */,
				D41C20BC21DFCEF0006BF321 /* PlaceholderCell.swift in Sources */,
				D451971621F9085D00318655 /* GoogleAPI.swift in Sources */,
			);
			runOnlyForDeploymentPostprocessing = 0;
		};
/* End PBXSourcesBuildPhase section */

/* Begin PBXVariantGroup section */
		D41C20AB21DFC984006BF321 /* Main.storyboard */ = {
			isa = PBXVariantGroup;
			children = (
				D41C20AC21DFC984006BF321 /* Base */,
			);
			name = Main.storyboard;
			sourceTree = "<group>";
		};
		D41C20B021DFC987006BF321 /* LaunchScreen.storyboard */ = {
			isa = PBXVariantGroup;
			children = (
				D41C20B121DFC987006BF321 /* Base */,
			);
			name = LaunchScreen.storyboard;
			sourceTree = "<group>";
		};
/* End PBXVariantGroup section */

/* Begin XCBuildConfiguration section */
		D41C20B421DFC987006BF321 /* Debug */ = {
			isa = XCBuildConfiguration;
			buildSettings = {
				ALWAYS_SEARCH_USER_PATHS = NO;
				CLANG_ANALYZER_NONNULL = YES;
				CLANG_ANALYZER_NUMBER_OBJECT_CONVERSION = YES_AGGRESSIVE;
				CLANG_CXX_LANGUAGE_STANDARD = "gnu++14";
				CLANG_CXX_LIBRARY = "libc++";
				CLANG_ENABLE_MODULES = YES;
				CLANG_ENABLE_OBJC_ARC = YES;
				CLANG_ENABLE_OBJC_WEAK = YES;
				CLANG_WARN_BLOCK_CAPTURE_AUTORELEASING = YES;
				CLANG_WARN_BOOL_CONVERSION = YES;
				CLANG_WARN_COMMA = YES;
				CLANG_WARN_CONSTANT_CONVERSION = YES;
				CLANG_WARN_DEPRECATED_OBJC_IMPLEMENTATIONS = YES;
				CLANG_WARN_DIRECT_OBJC_ISA_USAGE = YES_ERROR;
				CLANG_WARN_DOCUMENTATION_COMMENTS = YES;
				CLANG_WARN_EMPTY_BODY = YES;
				CLANG_WARN_ENUM_CONVERSION = YES;
				CLANG_WARN_INFINITE_RECURSION = YES;
				CLANG_WARN_INT_CONVERSION = YES;
				CLANG_WARN_NON_LITERAL_NULL_CONVERSION = YES;
				CLANG_WARN_OBJC_IMPLICIT_RETAIN_SELF = YES;
				CLANG_WARN_OBJC_LITERAL_CONVERSION = YES;
				CLANG_WARN_OBJC_ROOT_CLASS = YES_ERROR;
				CLANG_WARN_RANGE_LOOP_ANALYSIS = YES;
				CLANG_WARN_STRICT_PROTOTYPES = YES;
				CLANG_WARN_SUSPICIOUS_MOVE = YES;
				CLANG_WARN_UNGUARDED_AVAILABILITY = YES_AGGRESSIVE;
				CLANG_WARN_UNREACHABLE_CODE = YES;
				CLANG_WARN__DUPLICATE_METHOD_MATCH = YES;
				CODE_SIGN_IDENTITY = "iPhone Developer";
				COPY_PHASE_STRIP = NO;
				DEBUG_INFORMATION_FORMAT = dwarf;
				ENABLE_STRICT_OBJC_MSGSEND = YES;
				ENABLE_TESTABILITY = YES;
				GCC_C_LANGUAGE_STANDARD = gnu11;
				GCC_DYNAMIC_NO_PIC = NO;
				GCC_NO_COMMON_BLOCKS = YES;
				GCC_OPTIMIZATION_LEVEL = 0;
				GCC_PREPROCESSOR_DEFINITIONS = (
					"DEBUG=1",
					"$(inherited)",
				);
				GCC_WARN_64_TO_32_BIT_CONVERSION = YES;
				GCC_WARN_ABOUT_RETURN_TYPE = YES_ERROR;
				GCC_WARN_UNDECLARED_SELECTOR = YES;
				GCC_WARN_UNINITIALIZED_AUTOS = YES_AGGRESSIVE;
				GCC_WARN_UNUSED_FUNCTION = YES;
				GCC_WARN_UNUSED_VARIABLE = YES;
				IPHONEOS_DEPLOYMENT_TARGET = 12.0;
				MTL_ENABLE_DEBUG_INFO = INCLUDE_SOURCE;
				MTL_FAST_MATH = YES;
				ONLY_ACTIVE_ARCH = YES;
				SDKROOT = iphoneos;
				SWIFT_ACTIVE_COMPILATION_CONDITIONS = DEBUG;
				SWIFT_OPTIMIZATION_LEVEL = "-Onone";
			};
			name = Debug;
		};
		D41C20B521DFC987006BF321 /* Release */ = {
			isa = XCBuildConfiguration;
			buildSettings = {
				ALWAYS_SEARCH_USER_PATHS = NO;
				CLANG_ANALYZER_NONNULL = YES;
				CLANG_ANALYZER_NUMBER_OBJECT_CONVERSION = YES_AGGRESSIVE;
				CLANG_CXX_LANGUAGE_STANDARD = "gnu++14";
				CLANG_CXX_LIBRARY = "libc++";
				CLANG_ENABLE_MODULES = YES;
				CLANG_ENABLE_OBJC_ARC = YES;
				CLANG_ENABLE_OBJC_WEAK = YES;
				CLANG_WARN_BLOCK_CAPTURE_AUTORELEASING = YES;
				CLANG_WARN_BOOL_CONVERSION = YES;
				CLANG_WARN_COMMA = YES;
				CLANG_WARN_CONSTANT_CONVERSION = YES;
				CLANG_WARN_DEPRECATED_OBJC_IMPLEMENTATIONS = YES;
				CLANG_WARN_DIRECT_OBJC_ISA_USAGE = YES_ERROR;
				CLANG_WARN_DOCUMENTATION_COMMENTS = YES;
				CLANG_WARN_EMPTY_BODY = YES;
				CLANG_WARN_ENUM_CONVERSION = YES;
				CLANG_WARN_INFINITE_RECURSION = YES;
				CLANG_WARN_INT_CONVERSION = YES;
				CLANG_WARN_NON_LITERAL_NULL_CONVERSION = YES;
				CLANG_WARN_OBJC_IMPLICIT_RETAIN_SELF = YES;
				CLANG_WARN_OBJC_LITERAL_CONVERSION = YES;
				CLANG_WARN_OBJC_ROOT_CLASS = YES_ERROR;
				CLANG_WARN_RANGE_LOOP_ANALYSIS = YES;
				CLANG_WARN_STRICT_PROTOTYPES = YES;
				CLANG_WARN_SUSPICIOUS_MOVE = YES;
				CLANG_WARN_UNGUARDED_AVAILABILITY = YES_AGGRESSIVE;
				CLANG_WARN_UNREACHABLE_CODE = YES;
				CLANG_WARN__DUPLICATE_METHOD_MATCH = YES;
				CODE_SIGN_IDENTITY = "iPhone Developer";
				COPY_PHASE_STRIP = NO;
				DEBUG_INFORMATION_FORMAT = "dwarf-with-dsym";
				ENABLE_NS_ASSERTIONS = NO;
				ENABLE_STRICT_OBJC_MSGSEND = YES;
				GCC_C_LANGUAGE_STANDARD = gnu11;
				GCC_NO_COMMON_BLOCKS = YES;
				GCC_WARN_64_TO_32_BIT_CONVERSION = YES;
				GCC_WARN_ABOUT_RETURN_TYPE = YES_ERROR;
				GCC_WARN_UNDECLARED_SELECTOR = YES;
				GCC_WARN_UNINITIALIZED_AUTOS = YES_AGGRESSIVE;
				GCC_WARN_UNUSED_FUNCTION = YES;
				GCC_WARN_UNUSED_VARIABLE = YES;
				IPHONEOS_DEPLOYMENT_TARGET = 12.0;
				MTL_ENABLE_DEBUG_INFO = NO;
				MTL_FAST_MATH = YES;
				SDKROOT = iphoneos;
				SWIFT_COMPILATION_MODE = wholemodule;
				SWIFT_OPTIMIZATION_LEVEL = "-O";
				VALIDATE_PRODUCT = YES;
			};
			name = Release;
		};
		D41C20B721DFC987006BF321 /* Debug */ = {
			isa = XCBuildConfiguration;
			buildSettings = {
				ASSETCATALOG_COMPILER_APPICON_NAME = AppIcon;
				CODE_SIGN_STYLE = Automatic;
				DEVELOPMENT_TEAM = W98A637544;
				INFOPLIST_FILE = Wireframe/Info.plist;
				LD_RUNPATH_SEARCH_PATHS = (
					"$(inherited)",
					"@executable_path/Frameworks",
				);
				PRODUCT_BUNDLE_IDENTIFIER = com.robbroadwell.Wireframe;
				PRODUCT_NAME = "$(TARGET_NAME)";
				SWIFT_VERSION = 4.2;
				TARGETED_DEVICE_FAMILY = "1,2";
			};
			name = Debug;
		};
		D41C20B821DFC987006BF321 /* Release */ = {
			isa = XCBuildConfiguration;
			buildSettings = {
				ASSETCATALOG_COMPILER_APPICON_NAME = AppIcon;
				CODE_SIGN_STYLE = Automatic;
				DEVELOPMENT_TEAM = W98A637544;
				INFOPLIST_FILE = Wireframe/Info.plist;
				LD_RUNPATH_SEARCH_PATHS = (
					"$(inherited)",
					"@executable_path/Frameworks",
				);
				PRODUCT_BUNDLE_IDENTIFIER = com.robbroadwell.Wireframe;
				PRODUCT_NAME = "$(TARGET_NAME)";
				SWIFT_VERSION = 4.2;
				TARGETED_DEVICE_FAMILY = "1,2";
			};
			name = Release;
		};
/* End XCBuildConfiguration section */

/* Begin XCConfigurationList section */
		D41C209F21DFC984006BF321 /* Build configuration list for PBXProject "Wireframe" */ = {
			isa = XCConfigurationList;
			buildConfigurations = (
				D41C20B421DFC987006BF321 /* Debug */,
				D41C20B521DFC987006BF321 /* Release */,
			);
			defaultConfigurationIsVisible = 0;
			defaultConfigurationName = Release;
		};
		D41C20B621DFC987006BF321 /* Build configuration list for PBXNativeTarget "Wireframe" */ = {
			isa = XCConfigurationList;
			buildConfigurations = (
				D41C20B721DFC987006BF321 /* Debug */,
				D41C20B821DFC987006BF321 /* Release */,
			);
			defaultConfigurationIsVisible = 0;
			defaultConfigurationName = Release;
		};
/* End XCConfigurationList section */
	};
	rootObject = D41C209C21DFC984006BF321 /* Project object */;
}
